
Microsoft Visual Studio Solution File, Format Version 12.00
# Visual Studio Version 17
VisualStudioVersion = 17.8.34309.116
MinimumVisualStudioVersion = 10.0.40219.1
Project("{9A19103F-16F7-4668-BE54-9A1E7A4F7556}") = "Main", "Main\Main.csproj", "{8E0A6D60-A74F-4329-8936-AB505C2861DB}"
EndProject
Project("{9A19103F-16F7-4668-BE54-9A1E7A4F7556}") = "TestingPart", "TestingPart\TestingPart.csproj", "{C5AED1A7-55A7-4989-BC01-205EB7CEA7E8}"
EndProject
Project("{FAE04EC0-301F-11D3-BF4B-00C04F79EFBC}") = "ConsoleAppTestMethods", "ConsoleAppTestMethods\ConsoleAppTestMethods.csproj", "{F9E3771F-2BE7-4C72-ACAE-0DB79A1969C4}"
EndProject
Global
	GlobalSection(SolutionConfigurationPlatforms) = preSolution
		Debug|Any CPU = Debug|Any CPU
		Release|Any CPU = Release|Any CPU
	EndGlobalSection
	GlobalSection(ProjectConfigurationPlatforms) = postSolution
		{8E0A6D60-A74F-4329-8936-AB505C2861DB}.Debug|Any CPU.ActiveCfg = Debug|Any CPU
		{8E0A6D60-A74F-4329-8936-AB505C2861DB}.Debug|Any CPU.Build.0 = Debug|Any CPU
		{8E0A6D60-A74F-4329-8936-AB505C2861DB}.Release|Any CPU.ActiveCfg = Release|Any CPU
		{8E0A6D60-A74F-4329-8936-AB505C2861DB}.Release|Any CPU.Build.0 = Release|Any CPU
		{C5AED1A7-55A7-4989-BC01-205EB7CEA7E8}.Debug|Any CPU.ActiveCfg = Debug|Any CPU
		{C5AED1A7-55A7-4989-BC01-205EB7CEA7E8}.Debug|Any CPU.Build.0 = Debug|Any CPU
		{C5AED1A7-55A7-4989-BC01-205EB7CEA7E8}.Release|Any CPU.ActiveCfg = Release|Any CPU
		{C5AED1A7-55A7-4989-BC01-205EB7CEA7E8}.Release|Any CPU.Build.0 = Release|Any CPU
		{F9E3771F-2BE7-4C72-ACAE-0DB79A1969C4}.Debug|Any CPU.ActiveCfg = Debug|Any CPU
		{F9E3771F-2BE7-4C72-ACAE-0DB79A1969C4}.Debug|Any CPU.Build.0 = Debug|Any CPU
		{F9E3771F-2BE7-4C72-ACAE-0DB79A1969C4}.Release|Any CPU.ActiveCfg = Release|Any CPU
		{F9E3771F-2BE7-4C72-ACAE-0DB79A1969C4}.Release|Any CPU.Build.0 = Release|Any CPU
	EndGlobalSection
	GlobalSection(SolutionProperties) = preSolution
		HideSolutionNode = FALSE
	EndGlobalSection
	GlobalSection(ExtensibilityGlobals) = postSolution
		SolutionGuid = {ABAACF18-BAC4-4743-B144-C3C8CA71E705}
	EndGlobalSection
EndGlobal
